
Microsoft Visual Studio Solution File, Format Version 10.00
# Visual Studio 2008
Project("{FAE04EC0-301F-11D3-BF4B-00C04F79EFBC}") = "TestClient", "TestClient\TestClient.csproj", "{FDE4EE9B-3474-4E30-B8AC-FFD32A48B2C0}"
EndProject
Project("{2150E333-8FDC-42A3-9474-1A3956D46DE8}") = "Solution Items", "Solution Items", "{FFFF0D22-8A1C-4DC1-93A9-BD7933CE73E9}"
	ProjectSection(SolutionItems) = preProject
		..\README.txt = ..\README.txt
	EndProjectSection
EndProject
Global
	GlobalSection(SolutionConfigurationPlatforms) = preSolution
		Debug|Any CPU = Debug|Any CPU
		Release|Any CPU = Release|Any CPU
	EndGlobalSection
	GlobalSection(ProjectConfigurationPlatforms) = postSolution
		{FDE4EE9B-3474-4E30-B8AC-FFD32A48B2C0}.Debug|Any CPU.ActiveCfg = Debug|Any CPU
		{FDE4EE9B-3474-4E30-B8AC-FFD32A48B2C0}.Debug|Any CPU.Build.0 = Debug|Any CPU
		{FDE4EE9B-3474-4E30-B8AC-FFD32A48B2C0}.Release|Any CPU.ActiveCfg = Release|Any CPU
		{FDE4EE9B-3474-4E30-B8AC-FFD32A48B2C0}.Release|Any CPU.Build.0 = Release|Any CPU
	EndGlobalSection
	GlobalSection(SolutionProperties) = preSolution
		HideSolutionNode = FALSE
	EndGlobalSection
EndGlobal
